
Microsoft Visual Studio Solution File, Format Version 12.00
# Visual Studio Version 17
VisualStudioVersion = 17.0.31903.59
MinimumVisualStudioVersion = 10.0.40219.1
Project("{2150E333-8FDC-42A3-9474-1A3956D46DE8}") = "Application", "Application", "{A74F262E-BDE7-D5D2-89E9-785413424D0A}"
EndProject
Project("{2150E333-8FDC-42A3-9474-1A3956D46DE8}") = "Core", "Core", "{BA62BD9E-80E4-793A-D89E-949C681DF295}"
EndProject
Project("{FAE04EC0-301F-11D3-BF4B-00C04F79EFBC}") = "Application", "Application\Core\Application\Application.csproj", "{1803A0BB-5DBF-4BB0-8BCA-B357672DF894}"
EndProject
Project("{FAE04EC0-301F-11D3-BF4B-00C04F79EFBC}") = "Domain", "Application\Core\Domain\Domain.csproj", "{3BF08801-5AA1-432C-B40D-9626161B6C29}"
EndProject
Project("{2150E333-8FDC-42A3-9474-1A3956D46DE8}") = "External", "External", "{C05F6C64-F4EB-ABDD-358C-C642731B3B63}"
EndProject
Project("{FAE04EC0-301F-11D3-BF4B-00C04F79EFBC}") = "Presentation", "Application\External\Presentation\Presentation.csproj", "{E68BCABB-6788-412B-B8F2-CA289D01F0B1}"
EndProject
Project("{FAE04EC0-301F-11D3-BF4B-00C04F79EFBC}") = "Infrastructure", "Application\External\Infrastructure\Infrastructure.csproj", "{2B700EB0-6E36-4D84-A195-A6A86EFD7E97}"
EndProject
Project("{2150E333-8FDC-42A3-9474-1A3956D46DE8}") = "test", "test", "{F47AD6BF-9BC1-9A83-A386-50CC33EF1BF4}"
EndProject
Project("{FAE04EC0-301F-11D3-BF4B-00C04F79EFBC}") = "TestShared", "Application\test\TestShared\TestShared.csproj", "{CF13283B-3077-4481-81A1-29683F89A6E8}"
EndProject
Project("{FAE04EC0-301F-11D3-BF4B-00C04F79EFBC}") = "UnitTests", "Application\test\UnitTests\UnitTests.csproj", "{A038C382-672A-4CEE-8693-12168BCD9A58}"
EndProject
Project("{FAE04EC0-301F-11D3-BF4B-00C04F79EFBC}") = "IntegrationTests", "Application\test\IntegrationTests\IntegrationTests.csproj", "{B058EDC6-C431-495C-96F4-C52F3D9835A0}"
EndProject
Global
	GlobalSection(SolutionConfigurationPlatforms) = preSolution
		Debug|Any CPU = Debug|Any CPU
		Debug|x64 = Debug|x64
		Debug|x86 = Debug|x86
		Release|Any CPU = Release|Any CPU
		Release|x64 = Release|x64
		Release|x86 = Release|x86
	EndGlobalSection
	GlobalSection(ProjectConfigurationPlatforms) = postSolution
		{1803A0BB-5DBF-4BB0-8BCA-B357672DF894}.Debug|Any CPU.ActiveCfg = Debug|Any CPU
		{1803A0BB-5DBF-4BB0-8BCA-B357672DF894}.Debug|Any CPU.Build.0 = Debug|Any CPU
		{1803A0BB-5DBF-4BB0-8BCA-B357672DF894}.Debug|x64.ActiveCfg = Debug|Any CPU
		{1803A0BB-5DBF-4BB0-8BCA-B357672DF894}.Debug|x64.Build.0 = Debug|Any CPU
		{1803A0BB-5DBF-4BB0-8BCA-B357672DF894}.Debug|x86.ActiveCfg = Debug|Any CPU
		{1803A0BB-5DBF-4BB0-8BCA-B357672DF894}.Debug|x86.Build.0 = Debug|Any CPU
		{1803A0BB-5DBF-4BB0-8BCA-B357672DF894}.Release|Any CPU.ActiveCfg = Release|Any CPU
		{1803A0BB-5DBF-4BB0-8BCA-B357672DF894}.Release|Any CPU.Build.0 = Release|Any CPU
		{1803A0BB-5DBF-4BB0-8BCA-B357672DF894}.Release|x64.ActiveCfg = Release|Any CPU
		{1803A0BB-5DBF-4BB0-8BCA-B357672DF894}.Release|x64.Build.0 = Release|Any CPU
		{1803A0BB-5DBF-4BB0-8BCA-B357672DF894}.Release|x86.ActiveCfg = Release|Any CPU
		{1803A0BB-5DBF-4BB0-8BCA-B357672DF894}.Release|x86.Build.0 = Release|Any CPU
		{3BF08801-5AA1-432C-B40D-9626161B6C29}.Debug|Any CPU.ActiveCfg = Debug|Any CPU
		{3BF08801-5AA1-432C-B40D-9626161B6C29}.Debug|Any CPU.Build.0 = Debug|Any CPU
		{3BF08801-5AA1-432C-B40D-9626161B6C29}.Debug|x64.ActiveCfg = Debug|Any CPU
		{3BF08801-5AA1-432C-B40D-9626161B6C29}.Debug|x64.Build.0 = Debug|Any CPU
		{3BF08801-5AA1-432C-B40D-9626161B6C29}.Debug|x86.ActiveCfg = Debug|Any CPU
		{3BF08801-5AA1-432C-B40D-9626161B6C29}.Debug|x86.Build.0 = Debug|Any CPU
		{3BF08801-5AA1-432C-B40D-9626161B6C29}.Release|Any CPU.ActiveCfg = Release|Any CPU
		{3BF08801-5AA1-432C-B40D-9626161B6C29}.Release|Any CPU.Build.0 = Release|Any CPU
		{3BF08801-5AA1-432C-B40D-9626161B6C29}.Release|x64.ActiveCfg = Release|Any CPU
		{3BF08801-5AA1-432C-B40D-9626161B6C29}.Release|x64.Build.0 = Release|Any CPU
		{3BF08801-5AA1-432C-B40D-9626161B6C29}.Release|x86.ActiveCfg = Release|Any CPU
		{3BF08801-5AA1-432C-B40D-9626161B6C29}.Release|x86.Build.0 = Release|Any CPU
		{E68BCABB-6788-412B-B8F2-CA289D01F0B1}.Debug|Any CPU.ActiveCfg = Debug|Any CPU
		{E68BCABB-6788-412B-B8F2-CA289D01F0B1}.Debug|Any CPU.Build.0 = Debug|Any CPU
		{E68BCABB-6788-412B-B8F2-CA289D01F0B1}.Debug|x64.ActiveCfg = Debug|Any CPU
		{E68BCABB-6788-412B-B8F2-CA289D01F0B1}.Debug|x64.Build.0 = Debug|Any CPU
		{E68BCABB-6788-412B-B8F2-CA289D01F0B1}.Debug|x86.ActiveCfg = Debug|Any CPU
		{E68BCABB-6788-412B-B8F2-CA289D01F0B1}.Debug|x86.Build.0 = Debug|Any CPU
		{E68BCABB-6788-412B-B8F2-CA289D01F0B1}.Release|Any CPU.ActiveCfg = Release|Any CPU
		{E68BCABB-6788-412B-B8F2-CA289D01F0B1}.Release|Any CPU.Build.0 = Release|Any CPU
		{E68BCABB-6788-412B-B8F2-CA289D01F0B1}.Release|x64.ActiveCfg = Release|Any CPU
		{E68BCABB-6788-412B-B8F2-CA289D01F0B1}.Release|x64.Build.0 = Release|Any CPU
		{E68BCABB-6788-412B-B8F2-CA289D01F0B1}.Release|x86.ActiveCfg = Release|Any CPU
		{E68BCABB-6788-412B-B8F2-CA289D01F0B1}.Release|x86.Build.0 = Release|Any CPU
		{2B700EB0-6E36-4D84-A195-A6A86EFD7E97}.Debug|Any CPU.ActiveCfg = Debug|Any CPU
		{2B700EB0-6E36-4D84-A195-A6A86EFD7E97}.Debug|Any CPU.Build.0 = Debug|Any CPU
		{2B700EB0-6E36-4D84-A195-A6A86EFD7E97}.Debug|x64.ActiveCfg = Debug|Any CPU
		{2B700EB0-6E36-4D84-A195-A6A86EFD7E97}.Debug|x64.Build.0 = Debug|Any CPU
		{2B700EB0-6E36-4D84-A195-A6A86EFD7E97}.Debug|x86.ActiveCfg = Debug|Any CPU
		{2B700EB0-6E36-4D84-A195-A6A86EFD7E97}.Debug|x86.Build.0 = Debug|Any CPU
		{2B700EB0-6E36-4D84-A195-A6A86EFD7E97}.Release|Any CPU.ActiveCfg = Release|Any CPU
		{2B700EB0-6E36-4D84-A195-A6A86EFD7E97}.Release|Any CPU.Build.0 = Release|Any CPU
		{2B700EB0-6E36-4D84-A195-A6A86EFD7E97}.Release|x64.ActiveCfg = Release|Any CPU
		{2B700EB0-6E36-4D84-A195-A6A86EFD7E97}.Release|x64.Build.0 = Release|Any CPU
		{2B700EB0-6E36-4D84-A195-A6A86EFD7E97}.Release|x86.ActiveCfg = Release|Any CPU
		{2B700EB0-6E36-4D84-A195-A6A86EFD7E97}.Release|x86.Build.0 = Release|Any CPU
		{CF13283B-3077-4481-81A1-29683F89A6E8}.Debug|Any CPU.ActiveCfg = Debug|Any CPU
		{CF13283B-3077-4481-81A1-29683F89A6E8}.Debug|Any CPU.Build.0 = Debug|Any CPU
		{CF13283B-3077-4481-81A1-29683F89A6E8}.Debug|x64.ActiveCfg = Debug|Any CPU
		{CF13283B-3077-4481-81A1-29683F89A6E8}.Debug|x64.Build.0 = Debug|Any CPU
		{CF13283B-3077-4481-81A1-29683F89A6E8}.Debug|x86.ActiveCfg = Debug|Any CPU
		{CF13283B-3077-4481-81A1-29683F89A6E8}.Debug|x86.Build.0 = Debug|Any CPU
		{CF13283B-3077-4481-81A1-29683F89A6E8}.Release|Any CPU.ActiveCfg = Release|Any CPU
		{CF13283B-3077-4481-81A1-29683F89A6E8}.Release|Any CPU.Build.0 = Release|Any CPU
		{CF13283B-3077-4481-81A1-29683F89A6E8}.Release|x64.ActiveCfg = Release|Any CPU
		{CF13283B-3077-4481-81A1-29683F89A6E8}.Release|x64.Build.0 = Release|Any CPU
		{CF13283B-3077-4481-81A1-29683F89A6E8}.Release|x86.ActiveCfg = Release|Any CPU
		{CF13283B-3077-4481-81A1-29683F89A6E8}.Release|x86.Build.0 = Release|Any CPU
		{A038C382-672A-4CEE-8693-12168BCD9A58}.Debug|Any CPU.ActiveCfg = Debug|Any CPU
		{A038C382-672A-4CEE-8693-12168BCD9A58}.Debug|Any CPU.Build.0 = Debug|Any CPU
		{A038C382-672A-4CEE-8693-12168BCD9A58}.Debug|x64.ActiveCfg = Debug|Any CPU
		{A038C382-672A-4CEE-8693-12168BCD9A58}.Debug|x64.Build.0 = Debug|Any CPU
		{A038C382-672A-4CEE-8693-12168BCD9A58}.Debug|x86.ActiveCfg = Debug|Any CPU
		{A038C382-672A-4CEE-8693-12168BCD9A58}.Debug|x86.Build.0 = Debug|Any CPU
		{A038C382-672A-4CEE-8693-12168BCD9A58}.Release|Any CPU.ActiveCfg = Release|Any CPU
		{A038C382-672A-4CEE-8693-12168BCD9A58}.Release|Any CPU.Build.0 = Release|Any CPU
		{A038C382-672A-4CEE-8693-12168BCD9A58}.Release|x64.ActiveCfg = Release|Any CPU
		{A038C382-672A-4CEE-8693-12168BCD9A58}.Release|x64.Build.0 = Release|Any CPU
		{A038C382-672A-4CEE-8693-12168BCD9A58}.Release|x86.ActiveCfg = Release|Any CPU
		{A038C382-672A-4CEE-8693-12168BCD9A58}.Release|x86.Build.0 = Release|Any CPU
		{B058EDC6-C431-495C-96F4-C52F3D9835A0}.Debug|Any CPU.ActiveCfg = Debug|Any CPU
		{B058EDC6-C431-495C-96F4-C52F3D9835A0}.Debug|Any CPU.Build.0 = Debug|Any CPU
		{B058EDC6-C431-495C-96F4-C52F3D9835A0}.Debug|x64.ActiveCfg = Debug|Any CPU
		{B058EDC6-C431-495C-96F4-C52F3D9835A0}.Debug|x64.Build.0 = Debug|Any CPU
		{B058EDC6-C431-495C-96F4-C52F3D9835A0}.Debug|x86.ActiveCfg = Debug|Any CPU
		{B058EDC6-C431-495C-96F4-C52F3D9835A0}.Debug|x86.Build.0 = Debug|Any CPU
		{B058EDC6-C431-495C-96F4-C52F3D9835A0}.Release|Any CPU.ActiveCfg = Release|Any CPU
		{B058EDC6-C431-495C-96F4-C52F3D9835A0}.Release|Any CPU.Build.0 = Release|Any CPU
		{B058EDC6-C431-495C-96F4-C52F3D9835A0}.Release|x64.ActiveCfg = Release|Any CPU
		{B058EDC6-C431-495C-96F4-C52F3D9835A0}.Release|x64.Build.0 = Release|Any CPU
		{B058EDC6-C431-495C-96F4-C52F3D9835A0}.Release|x86.ActiveCfg = Release|Any CPU
		{B058EDC6-C431-495C-96F4-C52F3D9835A0}.Release|x86.Build.0 = Release|Any CPU
	EndGlobalSection
	GlobalSection(SolutionProperties) = preSolution
		HideSolutionNode = FALSE
	EndGlobalSection
	GlobalSection(NestedProjects) = preSolution
		{BA62BD9E-80E4-793A-D89E-949C681DF295} = {A74F262E-BDE7-D5D2-89E9-785413424D0A}
		{1803A0BB-5DBF-4BB0-8BCA-B357672DF894} = {BA62BD9E-80E4-793A-D89E-949C681DF295}
		{3BF08801-5AA1-432C-B40D-9626161B6C29} = {BA62BD9E-80E4-793A-D89E-949C681DF295}
		{C05F6C64-F4EB-ABDD-358C-C642731B3B63} = {A74F262E-BDE7-D5D2-89E9-785413424D0A}
		{E68BCABB-6788-412B-B8F2-CA289D01F0B1} = {C05F6C64-F4EB-ABDD-358C-C642731B3B63}
		{2B700EB0-6E36-4D84-A195-A6A86EFD7E97} = {C05F6C64-F4EB-ABDD-358C-C642731B3B63}
		{F47AD6BF-9BC1-9A83-A386-50CC33EF1BF4} = {A74F262E-BDE7-D5D2-89E9-785413424D0A}
		{CF13283B-3077-4481-81A1-29683F89A6E8} = {F47AD6BF-9BC1-9A83-A386-50CC33EF1BF4}
		{A038C382-672A-4CEE-8693-12168BCD9A58} = {F47AD6BF-9BC1-9A83-A386-50CC33EF1BF4}
		{B058EDC6-C431-495C-96F4-C52F3D9835A0} = {F47AD6BF-9BC1-9A83-A386-50CC33EF1BF4}
	EndGlobalSection
EndGlobal
